
Microsoft Visual Studio Solution File, Format Version 12.00
# Visual Studio 2012
Project("{FAE04EC0-301F-11D3-BF4B-00C04F79EFBC}") = "Texter", "Texter\Texter.csproj", "{125FDA71-C77A-42D9-8821-7F15C5555053}"
EndProject
Global
	GlobalSection(SolutionConfigurationPlatforms) = preSolution
		Debug|Any CPU = Debug|Any CPU
		Release|Any CPU = Release|Any CPU
	EndGlobalSection
	GlobalSection(ProjectConfigurationPlatforms) = postSolution
		{125FDA71-C77A-42D9-8821-7F15C5555053}.Debug|Any CPU.ActiveCfg = Debug|Any CPU
		{125FDA71-C77A-42D9-8821-7F15C5555053}.Debug|Any CPU.Build.0 = Debug|Any CPU
		{125FDA71-C77A-42D9-8821-7F15C5555053}.Release|Any CPU.ActiveCfg = Release|Any CPU
		{125FDA71-C77A-42D9-8821-7F15C5555053}.Release|Any CPU.Build.0 = Release|Any CPU
	EndGlobalSection
EndGlobal
